
Microsoft Visual Studio Solution File, Format Version 12.00
# Visual Studio Version 16
VisualStudioVersion = 16.0.29519.87
MinimumVisualStudioVersion = 10.0.40219.1
Project("{9A19103F-16F7-4668-BE54-9A1E7A4F7556}") = "ECommerce.Api.Products", "ECommerce.Api.Product\ECommerce.Api.Products.csproj", "{283B52C1-0797-4243-8B0C-F4F1728195BE}"
EndProject
Project("{9A19103F-16F7-4668-BE54-9A1E7A4F7556}") = "ECommerce.Api.Customers", "ECommerce.Api.Customers\ECommerce.Api.Customers.csproj", "{7BDC5653-090E-4866-888D-E049089BE112}"
EndProject
Project("{9A19103F-16F7-4668-BE54-9A1E7A4F7556}") = "ECommerce.Api.Orders", "ECommerce.Api.Orders\ECommerce.Api.Orders.csproj", "{36370FC5-CEC2-486C-AC89-835F9663DCB9}"
EndProject
Project("{9A19103F-16F7-4668-BE54-9A1E7A4F7556}") = "ECommerce.Api.Search", "ECommerce.Api.Search\ECommerce.Api.Search.csproj", "{B914534C-5F93-43B0-A8B1-D5EE7EDC6138}"
EndProject
Project("{9A19103F-16F7-4668-BE54-9A1E7A4F7556}") = "ECommerce.Api.Products.Tests", "ECommerce.Api.Products.Tests\ECommerce.Api.Products.Tests.csproj", "{C6970AE9-FA50-4CA4-AE75-27937A97241D}"
EndProject
Project("{FAE04EC0-301F-11D3-BF4B-00C04F79EFBC}") = "ECommerce.Api.Orders.Tests", "ECommerce.Api.Orders.Tests\ECommerce.Api.Orders.Tests.csproj", "{F5CF53C0-127C-4186-BCF8-A1C3F4574327}"
EndProject
Project("{FAE04EC0-301F-11D3-BF4B-00C04F79EFBC}") = "ECommerce.Api.Customers.Tests", "ECommerce.Api.Customers.Tests\ECommerce.Api.Customers.Tests.csproj", "{E4EB7750-A7ED-4108-BB71-6378D20B2B0E}"
EndProject
Global
	GlobalSection(SolutionConfigurationPlatforms) = preSolution
		Debug|Any CPU = Debug|Any CPU
		Release|Any CPU = Release|Any CPU
	EndGlobalSection
	GlobalSection(ProjectConfigurationPlatforms) = postSolution
		{283B52C1-0797-4243-8B0C-F4F1728195BE}.Debug|Any CPU.ActiveCfg = Debug|Any CPU
		{283B52C1-0797-4243-8B0C-F4F1728195BE}.Debug|Any CPU.Build.0 = Debug|Any CPU
		{283B52C1-0797-4243-8B0C-F4F1728195BE}.Release|Any CPU.ActiveCfg = Release|Any CPU
		{283B52C1-0797-4243-8B0C-F4F1728195BE}.Release|Any CPU.Build.0 = Release|Any CPU
		{7BDC5653-090E-4866-888D-E049089BE112}.Debug|Any CPU.ActiveCfg = Debug|Any CPU
		{7BDC5653-090E-4866-888D-E049089BE112}.Debug|Any CPU.Build.0 = Debug|Any CPU
		{7BDC5653-090E-4866-888D-E049089BE112}.Release|Any CPU.ActiveCfg = Release|Any CPU
		{7BDC5653-090E-4866-888D-E049089BE112}.Release|Any CPU.Build.0 = Release|Any CPU
		{36370FC5-CEC2-486C-AC89-835F9663DCB9}.Debug|Any CPU.ActiveCfg = Debug|Any CPU
		{36370FC5-CEC2-486C-AC89-835F9663DCB9}.Debug|Any CPU.Build.0 = Debug|Any CPU
		{36370FC5-CEC2-486C-AC89-835F9663DCB9}.Release|Any CPU.ActiveCfg = Release|Any CPU
		{36370FC5-CEC2-486C-AC89-835F9663DCB9}.Release|Any CPU.Build.0 = Release|Any CPU
		{B914534C-5F93-43B0-A8B1-D5EE7EDC6138}.Debug|Any CPU.ActiveCfg = Debug|Any CPU
		{B914534C-5F93-43B0-A8B1-D5EE7EDC6138}.Debug|Any CPU.Build.0 = Debug|Any CPU
		{B914534C-5F93-43B0-A8B1-D5EE7EDC6138}.Release|Any CPU.ActiveCfg = Release|Any CPU
		{B914534C-5F93-43B0-A8B1-D5EE7EDC6138}.Release|Any CPU.Build.0 = Release|Any CPU
		{C6970AE9-FA50-4CA4-AE75-27937A97241D}.Debug|Any CPU.ActiveCfg = Debug|Any CPU
		{C6970AE9-FA50-4CA4-AE75-27937A97241D}.Debug|Any CPU.Build.0 = Debug|Any CPU
		{C6970AE9-FA50-4CA4-AE75-27937A97241D}.Release|Any CPU.ActiveCfg = Release|Any CPU
		{C6970AE9-FA50-4CA4-AE75-27937A97241D}.Release|Any CPU.Build.0 = Release|Any CPU
		{F5CF53C0-127C-4186-BCF8-A1C3F4574327}.Debug|Any CPU.ActiveCfg = Debug|Any CPU
		{F5CF53C0-127C-4186-BCF8-A1C3F4574327}.Debug|Any CPU.Build.0 = Debug|Any CPU
		{F5CF53C0-127C-4186-BCF8-A1C3F4574327}.Release|Any CPU.ActiveCfg = Release|Any CPU
		{F5CF53C0-127C-4186-BCF8-A1C3F4574327}.Release|Any CPU.Build.0 = Release|Any CPU
		{E4EB7750-A7ED-4108-BB71-6378D20B2B0E}.Debug|Any CPU.ActiveCfg = Debug|Any CPU
		{E4EB7750-A7ED-4108-BB71-6378D20B2B0E}.Debug|Any CPU.Build.0 = Debug|Any CPU
		{E4EB7750-A7ED-4108-BB71-6378D20B2B0E}.Release|Any CPU.ActiveCfg = Release|Any CPU
		{E4EB7750-A7ED-4108-BB71-6378D20B2B0E}.Release|Any CPU.Build.0 = Release|Any CPU
	EndGlobalSection
	GlobalSection(SolutionProperties) = preSolution
		HideSolutionNode = FALSE
	EndGlobalSection
	GlobalSection(ExtensibilityGlobals) = postSolution
		SolutionGuid = {4AE953F5-E826-4C4B-9DD8-5A824F9FBE8C}
	EndGlobalSection
EndGlobal
